
Microsoft Visual Studio Solution File, Format Version 12.00
# Visual Studio 14
VisualStudioVersion = 14.0.25420.1
MinimumVisualStudioVersion = 10.0.40219.1
Project("{2150E333-8FDC-42A3-9474-1A3956D46DE8}") = "src", "src", "{799FD5EF-A4BE-4515-BAA0-39EE8576C681}"
EndProject
Project("{2150E333-8FDC-42A3-9474-1A3956D46DE8}") = "Solution Items", "Solution Items", "{7A933C98-693A-4456-802D-058B561F9A79}"
	ProjectSection(SolutionItems) = preProject
		global.json = global.json
	EndProjectSection
EndProject
Project("{8BB2217D-0F2D-49D1-97BC-3654ED321F3B}") = "RoT", "src\RoT\RoT.xproj", "{E90D0F90-67CE-4651-8EB4-D4F48B0A7459}"
EndProject
Global
	GlobalSection(SolutionConfigurationPlatforms) = preSolution
		Debug|Any CPU = Debug|Any CPU
		Release|Any CPU = Release|Any CPU
	EndGlobalSection
	GlobalSection(ProjectConfigurationPlatforms) = postSolution
		{E90D0F90-67CE-4651-8EB4-D4F48B0A7459}.Debug|Any CPU.ActiveCfg = Debug|Any CPU
		{E90D0F90-67CE-4651-8EB4-D4F48B0A7459}.Debug|Any CPU.Build.0 = Debug|Any CPU
		{E90D0F90-67CE-4651-8EB4-D4F48B0A7459}.Release|Any CPU.ActiveCfg = Release|Any CPU
		{E90D0F90-67CE-4651-8EB4-D4F48B0A7459}.Release|Any CPU.Build.0 = Release|Any CPU
	EndGlobalSection
	GlobalSection(SolutionProperties) = preSolution
		HideSolutionNode = FALSE
	EndGlobalSection
	GlobalSection(NestedProjects) = preSolution
		{E90D0F90-67CE-4651-8EB4-D4F48B0A7459} = {799FD5EF-A4BE-4515-BAA0-39EE8576C681}
	EndGlobalSection
EndGlobal
